// !$*UTF8*$!
{
	archiveVersion = 1;
	classes = {
	};
	objectVersion = 77;
	objects = {

/* Begin PBXBuildFile section */
		0208ABB7FDA4780CFF39C8C7 /* MaintenanceViews.swift in Sources */ = {isa = PBXBuildFile; fileRef = 203A2461D615C0EF47E3D252 /* MaintenanceViews.swift */; };
		0E2313A8ED62155E44917D2C /* Models.swift in Sources */ = {isa = PBXBuildFile; fileRef = F267B516B24142ADF4C69821 /* Models.swift */; };
		1B9456E18FE1C1DC92181E94 /* FirebaseFirestore in Frameworks */ = {isa = PBXBuildFile; productRef = 9E96B682A47B2B91ECF29A1F /* FirebaseFirestore */; };
		34A9D3CD93C4876A69936DD3 /* ImagePicker.swift in Sources */ = {isa = PBXBuildFile; fileRef = 32E2E97694F6EBFB71D27E0C /* ImagePicker.swift */; };
		3F76F391E47FA3527AB5C772 /* RootView.swift in Sources */ = {isa = PBXBuildFile; fileRef = B94D802D44E12E379019C6A3 /* RootView.swift */; };
		4C3AD4FEBDEE0C377FDBDE55 /* SettingsView.swift in Sources */ = {isa = PBXBuildFile; fileRef = 6016FA239D5804767D722D15 /* SettingsView.swift */; };
		4F11B784E9FC3DB051B12988 /* InspectionsViews.swift in Sources */ = {isa = PBXBuildFile; fileRef = A298AA9F38B7366123E86530 /* InspectionsViews.swift */; };
		57845693B1AE5197FF9C5BE2 /* FirebaseAuth in Frameworks */ = {isa = PBXBuildFile; productRef = 08DBE99F050BDCD5A63D2A94 /* FirebaseAuth */; };
		6105775D953D65C345B34F17 /* ProfileView.swift in Sources */ = {isa = PBXBuildFile; fileRef = 60C56AD4E64EC36B0E75B2F5 /* ProfileView.swift */; };
		7026FEAAED68B316CF274A7B /* GoogleService-Info.plist in Resources */ = {isa = PBXBuildFile; fileRef = 43910A3AFE84600DB54A0B8F /* GoogleService-Info.plist */; };
		7A852217B7A5A416C87A9EDB /* FirebaseStorage in Frameworks */ = {isa = PBXBuildFile; productRef = 5D3054B3532E2DC37E24B1E4 /* FirebaseStorage */; };
		7F0C7745FCC75BF337A8F200 /* ThemeColor.swift in Sources */ = {isa = PBXBuildFile; fileRef = 5AF744975E933CFD9978C848 /* ThemeColor.swift */; };
		8B81022A193DB80435F882D2 /* SilverCrownApp.swift in Sources */ = {isa = PBXBuildFile; fileRef = B9A4DB10AE977B5C886B380E /* SilverCrownApp.swift */; };
		9D0F13BD1D1C64FD5F5C05EC /* Assets.xcassets in Resources */ = {isa = PBXBuildFile; fileRef = CB2966057F815A972D911000 /* Assets.xcassets */; };
		9E11A20744E4CE4C6AF5EA80 /* AppModel.swift in Sources */ = {isa = PBXBuildFile; fileRef = 4FB95007F5C7CFC2A66E178C /* AppModel.swift */; };
		AD92ECD8D78A41D6A9784483 /* LoadBoardView.swift in Sources */ = {isa = PBXBuildFile; fileRef = BD441968B7E5D6EC9A7EE284 /* LoadBoardView.swift */; };
		C5869DD3E508AA82F4E8FDE3 /* AuthStackView.swift in Sources */ = {isa = PBXBuildFile; fileRef = 3E120371CF9381857B4EC408 /* AuthStackView.swift */; };
		D6A4C57CE29D72A7E7850169 /* ShellViews.swift in Sources */ = {isa = PBXBuildFile; fileRef = F46C6E33E31E93EB3063D71A /* ShellViews.swift */; };
		DFB8DCBC2252ECF3C8C21E8F /* FirebaseFunctions in Frameworks */ = {isa = PBXBuildFile; productRef = 2610448EC0C8ABCC3419BE4C /* FirebaseFunctions */; };
		E5A4935674FB22243C12CCDB /* FirestoreRepositories.swift in Sources */ = {isa = PBXBuildFile; fileRef = 7BAC442CE894DD48C96E5D21 /* FirestoreRepositories.swift */; };
/* End PBXBuildFile section */

/* Begin PBXFileReference section */
		1ECA6AA4F534DD8ED13E38ED /* SilverCrown.app */ = {isa = PBXFileReference; includeInIndex = 0; lastKnownFileType = wrapper.application; path = SilverCrown.app; sourceTree = BUILT_PRODUCTS_DIR; };
		203A2461D615C0EF47E3D252 /* MaintenanceViews.swift */ = {isa = PBXFileReference; lastKnownFileType = sourcecode.swift; path = MaintenanceViews.swift; sourceTree = "<group>"; };
		32E2E97694F6EBFB71D27E0C /* ImagePicker.swift */ = {isa = PBXFileReference; lastKnownFileType = sourcecode.swift; path = ImagePicker.swift; sourceTree = "<group>"; };
		3E120371CF9381857B4EC408 /* AuthStackView.swift */ = {isa = PBXFileReference; lastKnownFileType = sourcecode.swift; path = AuthStackView.swift; sourceTree = "<group>"; };
		43910A3AFE84600DB54A0B8F /* GoogleService-Info.plist */ = {isa = PBXFileReference; lastKnownFileType = text.plist; path = "GoogleService-Info.plist"; sourceTree = "<group>"; };
		4FB95007F5C7CFC2A66E178C /* AppModel.swift */ = {isa = PBXFileReference; lastKnownFileType = sourcecode.swift; path = AppModel.swift; sourceTree = "<group>"; };
		5AF744975E933CFD9978C848 /* ThemeColor.swift */ = {isa = PBXFileReference; lastKnownFileType = sourcecode.swift; path = ThemeColor.swift; sourceTree = "<group>"; };
		6016FA239D5804767D722D15 /* SettingsView.swift */ = {isa = PBXFileReference; lastKnownFileType = sourcecode.swift; path = SettingsView.swift; sourceTree = "<group>"; };
		60C56AD4E64EC36B0E75B2F5 /* ProfileView.swift */ = {isa = PBXFileReference; lastKnownFileType = sourcecode.swift; path = ProfileView.swift; sourceTree = "<group>"; };
		7BAC442CE894DD48C96E5D21 /* FirestoreRepositories.swift */ = {isa = PBXFileReference; lastKnownFileType = sourcecode.swift; path = FirestoreRepositories.swift; sourceTree = "<group>"; };
		A298AA9F38B7366123E86530 /* InspectionsViews.swift */ = {isa = PBXFileReference; lastKnownFileType = sourcecode.swift; path = InspectionsViews.swift; sourceTree = "<group>"; };
		B94D802D44E12E379019C6A3 /* RootView.swift */ = {isa = PBXFileReference; lastKnownFileType = sourcecode.swift; path = RootView.swift; sourceTree = "<group>"; };
		B9A4DB10AE977B5C886B380E /* SilverCrownApp.swift */ = {isa = PBXFileReference; lastKnownFileType = sourcecode.swift; path = SilverCrownApp.swift; sourceTree = "<group>"; };
		BD441968B7E5D6EC9A7EE284 /* LoadBoardView.swift */ = {isa = PBXFileReference; lastKnownFileType = sourcecode.swift; path = LoadBoardView.swift; sourceTree = "<group>"; };
		CB2966057F815A972D911000 /* Assets.xcassets */ = {isa = PBXFileReference; lastKnownFileType = folder.assetcatalog; path = Assets.xcassets; sourceTree = "<group>"; };
		F267B516B24142ADF4C69821 /* Models.swift */ = {isa = PBXFileReference; lastKnownFileType = sourcecode.swift; path = Models.swift; sourceTree = "<group>"; };
		F46C6E33E31E93EB3063D71A /* ShellViews.swift */ = {isa = PBXFileReference; lastKnownFileType = sourcecode.swift; path = ShellViews.swift; sourceTree = "<group>"; };
/* End PBXFileReference section */

/* Begin PBXFrameworksBuildPhase section */
		50F6D9A3DE5CC9A10526718D /* Frameworks */ = {
			isa = PBXFrameworksBuildPhase;
			buildActionMask = 2147483647;
			files = (
				57845693B1AE5197FF9C5BE2 /* FirebaseAuth in Frameworks */,
				1B9456E18FE1C1DC92181E94 /* FirebaseFirestore in Frameworks */,
				7A852217B7A5A416C87A9EDB /* FirebaseStorage in Frameworks */,
				DFB8DCBC2252ECF3C8C21E8F /* FirebaseFunctions in Frameworks */,
			);
			runOnlyForDeploymentPostprocessing = 0;
		};
/* End PBXFrameworksBuildPhase section */

/* Begin PBXGroup section */
		10C9A5927518722DD1E6C29F /* Products */ = {
			isa = PBXGroup;
			children = (
				1ECA6AA4F534DD8ED13E38ED /* SilverCrown.app */,
			);
			name = Products;
			sourceTree = "<group>";
		};
		1167D1EE5AE4110609693628 /* Features */ = {
			isa = PBXGroup;
			children = (
				83C62BD09C3C6B2DB29FAD07 /* Auth */,
				558DBA9EEA4F30DA97586941 /* Inspections */,
				6F09E314835270B74C54CFB6 /* Loads */,
				376DC726907B4393DAD8CF5E /* Maintenance */,
				A1EE09BFDD9C367703CDD93E /* Profile */,
				63E905031955EEFBB99903CE /* Settings */,
			);
			path = Features;
			sourceTree = "<group>";
		};
		376DC726907B4393DAD8CF5E /* Maintenance */ = {
			isa = PBXGroup;
			children = (
				203A2461D615C0EF47E3D252 /* MaintenanceViews.swift */,
			);
			path = Maintenance;
			sourceTree = "<group>";
		};
		558DBA9EEA4F30DA97586941 /* Inspections */ = {
			isa = PBXGroup;
			children = (
				A298AA9F38B7366123E86530 /* InspectionsViews.swift */,
			);
			path = Inspections;
			sourceTree = "<group>";
		};
		5CC76D72F3488A2C8C9A5911 = {
			isa = PBXGroup;
			children = (
				E8985FEA6C3175D93CCE291B /* SilverCrown */,
				10C9A5927518722DD1E6C29F /* Products */,
			);
			sourceTree = "<group>";
		};
		63E905031955EEFBB99903CE /* Settings */ = {
			isa = PBXGroup;
			children = (
				6016FA239D5804767D722D15 /* SettingsView.swift */,
			);
			path = Settings;
			sourceTree = "<group>";
		};
		6F09E314835270B74C54CFB6 /* Loads */ = {
			isa = PBXGroup;
			children = (
				BD441968B7E5D6EC9A7EE284 /* LoadBoardView.swift */,
			);
			path = Loads;
			sourceTree = "<group>";
		};
		80E54B26A7058E46ECCE86B4 /* App */ = {
			isa = PBXGroup;
			children = (
				4FB95007F5C7CFC2A66E178C /* AppModel.swift */,
				B94D802D44E12E379019C6A3 /* RootView.swift */,
				B9A4DB10AE977B5C886B380E /* SilverCrownApp.swift */,
			);
			path = App;
			sourceTree = "<group>";
		};
		83C62BD09C3C6B2DB29FAD07 /* Auth */ = {
			isa = PBXGroup;
			children = (
				3E120371CF9381857B4EC408 /* AuthStackView.swift */,
				F46C6E33E31E93EB3063D71A /* ShellViews.swift */,
			);
			path = Auth;
			sourceTree = "<group>";
		};
		92C620A2C979F7C71F3AC617 /* Components */ = {
			isa = PBXGroup;
			children = (
				32E2E97694F6EBFB71D27E0C /* ImagePicker.swift */,
			);
			path = Components;
			sourceTree = "<group>";
		};
		A15C2540D8405A5A9E2D3225 /* Resources */ = {
			isa = PBXGroup;
			children = (
				CB2966057F815A972D911000 /* Assets.xcassets */,
			);
			path = Resources;
			sourceTree = "<group>";
		};
		A1EE09BFDD9C367703CDD93E /* Profile */ = {
			isa = PBXGroup;
			children = (
				60C56AD4E64EC36B0E75B2F5 /* ProfileView.swift */,
			);
			path = Profile;
			sourceTree = "<group>";
		};
		A937FD8DFEAFC510B8E74C84 /* DesignSystem */ = {
			isa = PBXGroup;
			children = (
				5AF744975E933CFD9978C848 /* ThemeColor.swift */,
			);
			path = DesignSystem;
			sourceTree = "<group>";
		};
		B2B84B4C1245D68E3FDC6B40 /* Core */ = {
			isa = PBXGroup;
			children = (
				92C620A2C979F7C71F3AC617 /* Components */,
				A937FD8DFEAFC510B8E74C84 /* DesignSystem */,
				CB81C2956A6EFC5214191AE1 /* Models */,
				BC5A0EC568C0F070BEC2F9A4 /* Services */,
			);
			path = Core;
			sourceTree = "<group>";
		};
		BC5A0EC568C0F070BEC2F9A4 /* Services */ = {
			isa = PBXGroup;
			children = (
				7BAC442CE894DD48C96E5D21 /* FirestoreRepositories.swift */,
			);
			path = Services;
			sourceTree = "<group>";
		};
		CB81C2956A6EFC5214191AE1 /* Models */ = {
			isa = PBXGroup;
			children = (
				F267B516B24142ADF4C69821 /* Models.swift */,
			);
			path = Models;
			sourceTree = "<group>";
		};
		E8985FEA6C3175D93CCE291B /* SilverCrown */ = {
			isa = PBXGroup;
			children = (
				43910A3AFE84600DB54A0B8F /* GoogleService-Info.plist */,
				80E54B26A7058E46ECCE86B4 /* App */,
				B2B84B4C1245D68E3FDC6B40 /* Core */,
				1167D1EE5AE4110609693628 /* Features */,
				A15C2540D8405A5A9E2D3225 /* Resources */,
			);
			path = SilverCrown;
			sourceTree = "<group>";
		};
/* End PBXGroup section */

/* Begin PBXNativeTarget section */
		EA287549DF51FB2D9579BEC9 /* SilverCrown */ = {
			isa = PBXNativeTarget;
			buildConfigurationList = 6D45E7BF7585944C19F7016C /* Build configuration list for PBXNativeTarget "SilverCrown" */;
			buildPhases = (
				37D85FC9B33B9A9F61FD7A3C /* Sources */,
				3426125D271C94A7562D1FB7 /* Resources */,
				50F6D9A3DE5CC9A10526718D /* Frameworks */,
			);
			buildRules = (
			);
			dependencies = (
			);
			name = SilverCrown;
			packageProductDependencies = (
				08DBE99F050BDCD5A63D2A94 /* FirebaseAuth */,
				9E96B682A47B2B91ECF29A1F /* FirebaseFirestore */,
				5D3054B3532E2DC37E24B1E4 /* FirebaseStorage */,
				2610448EC0C8ABCC3419BE4C /* FirebaseFunctions */,
			);
			productName = SilverCrown;
			productReference = 1ECA6AA4F534DD8ED13E38ED /* SilverCrown.app */;
			productType = "com.apple.product-type.application";
		};
/* End PBXNativeTarget section */

/* Begin PBXProject section */
		CA01C3533093E32DDB26C655 /* Project object */ = {
			isa = PBXProject;
			attributes = {
				BuildIndependentTargetsInParallel = YES;
				LastUpgradeCheck = 1430;
				TargetAttributes = {
					EA287549DF51FB2D9579BEC9 = {
						DevelopmentTeam = 6MM44B6ZYT;
						ProvisioningStyle = Automatic;
					};
				};
			};
			buildConfigurationList = 9E3913B3D7DC18E0AB54B79E /* Build configuration list for PBXProject "SilverCrown" */;
			developmentRegion = en;
			hasScannedForEncodings = 0;
			knownRegions = (
				Base,
				en,
			);
			mainGroup = 5CC76D72F3488A2C8C9A5911;
			minimizedProjectReferenceProxies = 1;
			packageReferences = (
				E250C705745D3D087FC275CE /* XCRemoteSwiftPackageReference "firebase-ios-sdk" */,
			);
			preferredProjectObjectVersion = 77;
			productRefGroup = 10C9A5927518722DD1E6C29F /* Products */;
			projectDirPath = "";
			projectRoot = "";
			targets = (
				EA287549DF51FB2D9579BEC9 /* SilverCrown */,
			);
		};
/* End PBXProject section */

/* Begin PBXResourcesBuildPhase section */
		3426125D271C94A7562D1FB7 /* Resources */ = {
			isa = PBXResourcesBuildPhase;
			buildActionMask = 2147483647;
			files = (
				9D0F13BD1D1C64FD5F5C05EC /* Assets.xcassets in Resources */,
				7026FEAAED68B316CF274A7B /* GoogleService-Info.plist in Resources */,
			);
			runOnlyForDeploymentPostprocessing = 0;
		};
/* End PBXResourcesBuildPhase section */

/* Begin PBXSourcesBuildPhase section */
		37D85FC9B33B9A9F61FD7A3C /* Sources */ = {
			isa = PBXSourcesBuildPhase;
			buildActionMask = 2147483647;
			files = (
				9E11A20744E4CE4C6AF5EA80 /* AppModel.swift in Sources */,
				C5869DD3E508AA82F4E8FDE3 /* AuthStackView.swift in Sources */,
				E5A4935674FB22243C12CCDB /* FirestoreRepositories.swift in Sources */,
				34A9D3CD93C4876A69936DD3 /* ImagePicker.swift in Sources */,
				4F11B784E9FC3DB051B12988 /* InspectionsViews.swift in Sources */,
				AD92ECD8D78A41D6A9784483 /* LoadBoardView.swift in Sources */,
				0208ABB7FDA4780CFF39C8C7 /* MaintenanceViews.swift in Sources */,
				0E2313A8ED62155E44917D2C /* Models.swift in Sources */,
				6105775D953D65C345B34F17 /* ProfileView.swift in Sources */,
				3F76F391E47FA3527AB5C772 /* RootView.swift in Sources */,
				4C3AD4FEBDEE0C377FDBDE55 /* SettingsView.swift in Sources */,
				D6A4C57CE29D72A7E7850169 /* ShellViews.swift in Sources */,
				8B81022A193DB80435F882D2 /* SilverCrownApp.swift in Sources */,
				7F0C7745FCC75BF337A8F200 /* ThemeColor.swift in Sources */,
			);
			runOnlyForDeploymentPostprocessing = 0;
		};
/* End PBXSourcesBuildPhase section */

/* Begin XCBuildConfiguration section */
		58DC0C390EF780B44E882A2D /* Debug */ = {
			isa = XCBuildConfiguration;
			buildSettings = {
				ASSETCATALOG_COMPILER_APPICON_NAME = AppIcon;
				ASSETCATALOG_COMPILER_INCLUDE_ALL_APPICON_ASSETS = YES;
				CODE_SIGN_IDENTITY = "iPhone Developer";
				CODE_SIGN_STYLE = Automatic;
				CURRENT_PROJECT_VERSION = 10;
				DEVELOPMENT_TEAM = 6MM44B6ZYT;
				GENERATE_INFOPLIST_FILE = YES;
				INFOPLIST_KEY_CFBundleDisplayName = "Silver Crown";
				INFOPLIST_KEY_ITSAppUsesNonExemptEncryption = NO;
				INFOPLIST_KEY_NSCameraUsageDescription = "Silver Crown needs the camera to capture inspection defect photos.";
				INFOPLIST_KEY_NSPhotoLibraryUsageDescription = "Silver Crown needs photo library access for inspection photos.";
				INFOPLIST_KEY_UILaunchScreen_Generation = YES;
				INFOPLIST_KEY_UISupportedInterfaceOrientations = UIInterfaceOrientationPortrait;
				LD_RUNPATH_SEARCH_PATHS = (
					"$(inherited)",
					"@executable_path/Frameworks",
				);
				MARKETING_VERSION = 1.0.1;
				PRODUCT_BUNDLE_IDENTIFIER = "com.trucking.silvercrown-";
				PRODUCT_NAME = SilverCrown;
				SDKROOT = iphoneos;
				SWIFT_STRICT_CONCURRENCY = minimal;
				TARGETED_DEVICE_FAMILY = "1,2";
			};
			name = Debug;
		};
		C610B56C4E7F8948B20661D9 /* Release */ = {
			isa = XCBuildConfiguration;
			buildSettings = {
				ASSETCATALOG_COMPILER_APPICON_NAME = AppIcon;
				ASSETCATALOG_COMPILER_INCLUDE_ALL_APPICON_ASSETS = YES;
				CODE_SIGN_IDENTITY = "iPhone Developer";
				CODE_SIGN_STYLE = Automatic;
				CURRENT_PROJECT_VERSION = 10;
				DEVELOPMENT_TEAM = 6MM44B6ZYT;
				GENERATE_INFOPLIST_FILE = YES;
				INFOPLIST_KEY_CFBundleDisplayName = "Silver Crown";
				INFOPLIST_KEY_ITSAppUsesNonExemptEncryption = NO;
				INFOPLIST_KEY_NSCameraUsageDescription = "Silver Crown needs the camera to capture inspection defect photos.";
				INFOPLIST_KEY_NSPhotoLibraryUsageDescription = "Silver Crown needs photo library access for inspection photos.";
				INFOPLIST_KEY_UILaunchScreen_Generation = YES;
				INFOPLIST_KEY_UISupportedInterfaceOrientations = UIInterfaceOrientationPortrait;
				LD_RUNPATH_SEARCH_PATHS = (
					"$(inherited)",
					"@executable_path/Frameworks",
				);
				MARKETING_VERSION = 1.0.1;
				PRODUCT_BUNDLE_IDENTIFIER = "com.trucking.silvercrown-";
				PRODUCT_NAME = SilverCrown;
				SDKROOT = iphoneos;
				SWIFT_STRICT_CONCURRENCY = minimal;
				TARGETED_DEVICE_FAMILY = "1,2";
			};
			name = Release;
		};
		D1DA563059CFFB2C7747F410 /* Debug */ = {
			isa = XCBuildConfiguration;
			buildSettings = {
				ALWAYS_SEARCH_USER_PATHS = NO;
				CLANG_ANALYZER_NONNULL = YES;
				CLANG_ANALYZER_NUMBER_OBJECT_CONVERSION = YES_AGGRESSIVE;
				CLANG_CXX_LANGUAGE_STANDARD = "gnu++14";
				CLANG_CXX_LIBRARY = "libc++";
				CLANG_ENABLE_MODULES = YES;
				CLANG_ENABLE_OBJC_ARC = YES;
				CLANG_ENABLE_OBJC_WEAK = YES;
				CLANG_WARN_BLOCK_CAPTURE_AUTORELEASING = YES;
				CLANG_WARN_BOOL_CONVERSION = YES;
				CLANG_WARN_COMMA = YES;
				CLANG_WARN_CONSTANT_CONVERSION = YES;
				CLANG_WARN_DEPRECATED_OBJC_IMPLEMENTATIONS = YES;
				CLANG_WARN_DIRECT_OBJC_ISA_USAGE = YES_ERROR;
				CLANG_WARN_DOCUMENTATION_COMMENTS = YES;
				CLANG_WARN_EMPTY_BODY = YES;
				CLANG_WARN_ENUM_CONVERSION = YES;
				CLANG_WARN_INFINITE_RECURSION = YES;
				CLANG_WARN_INT_CONVERSION = YES;
				CLANG_WARN_NON_LITERAL_NULL_CONVERSION = YES;
				CLANG_WARN_OBJC_IMPLICIT_RETAIN_SELF = YES;
				CLANG_WARN_OBJC_LITERAL_CONVERSION = YES;
				CLANG_WARN_OBJC_ROOT_CLASS = YES_ERROR;
				CLANG_WARN_QUOTED_INCLUDE_IN_FRAMEWORK_HEADER = YES;
				CLANG_WARN_RANGE_LOOP_ANALYSIS = YES;
				CLANG_WARN_STRICT_PROTOTYPES = YES;
				CLANG_WARN_SUSPICIOUS_MOVE = YES;
				CLANG_WARN_UNGUARDED_AVAILABILITY = YES_AGGRESSIVE;
				CLANG_WARN_UNREACHABLE_CODE = YES;
				CLANG_WARN__DUPLICATE_METHOD_MATCH = YES;
				COPY_PHASE_STRIP = NO;
				DEBUG_INFORMATION_FORMAT = dwarf;
				ENABLE_STRICT_OBJC_MSGSEND = YES;
				ENABLE_TESTABILITY = YES;
				GCC_C_LANGUAGE_STANDARD = gnu11;
				GCC_DYNAMIC_NO_PIC = NO;
				GCC_NO_COMMON_BLOCKS = YES;
				GCC_OPTIMIZATION_LEVEL = 0;
				GCC_PREPROCESSOR_DEFINITIONS = (
					"$(inherited)",
					"DEBUG=1",
				);
				GCC_WARN_64_TO_32_BIT_CONVERSION = YES;
				GCC_WARN_ABOUT_RETURN_TYPE = YES_ERROR;
				GCC_WARN_UNDECLARED_SELECTOR = YES;
				GCC_WARN_UNINITIALIZED_AUTOS = YES_AGGRESSIVE;
				GCC_WARN_UNUSED_FUNCTION = YES;
				GCC_WARN_UNUSED_VARIABLE = YES;
				IPHONEOS_DEPLOYMENT_TARGET = 17.0;
				MTL_ENABLE_DEBUG_INFO = INCLUDE_SOURCE;
				MTL_FAST_MATH = YES;
				ONLY_ACTIVE_ARCH = YES;
				PRODUCT_NAME = "$(TARGET_NAME)";
				SDKROOT = iphoneos;
				SWIFT_ACTIVE_COMPILATION_CONDITIONS = DEBUG;
				SWIFT_OPTIMIZATION_LEVEL = "-Onone";
				SWIFT_VERSION = 5.0;
				TARGETED_DEVICE_FAMILY = "1,2";
			};
			name = Debug;
		};
		D5D3D9B774D23EAA9824F2D4 /* Release */ = {
			isa = XCBuildConfiguration;
			buildSettings = {
				ALWAYS_SEARCH_USER_PATHS = NO;
				CLANG_ANALYZER_NONNULL = YES;
				CLANG_ANALYZER_NUMBER_OBJECT_CONVERSION = YES_AGGRESSIVE;
				CLANG_CXX_LANGUAGE_STANDARD = "gnu++14";
				CLANG_CXX_LIBRARY = "libc++";
				CLANG_ENABLE_MODULES = YES;
				CLANG_ENABLE_OBJC_ARC = YES;
				CLANG_ENABLE_OBJC_WEAK = YES;
				CLANG_WARN_BLOCK_CAPTURE_AUTORELEASING = YES;
				CLANG_WARN_BOOL_CONVERSION = YES;
				CLANG_WARN_COMMA = YES;
				CLANG_WARN_CONSTANT_CONVERSION = YES;
				CLANG_WARN_DEPRECATED_OBJC_IMPLEMENTATIONS = YES;
				CLANG_WARN_DIRECT_OBJC_ISA_USAGE = YES_ERROR;
				CLANG_WARN_DOCUMENTATION_COMMENTS = YES;
				CLANG_WARN_EMPTY_BODY = YES;
				CLANG_WARN_ENUM_CONVERSION = YES;
				CLANG_WARN_INFINITE_RECURSION = YES;
				CLANG_WARN_INT_CONVERSION = YES;
				CLANG_WARN_NON_LITERAL_NULL_CONVERSION = YES;
				CLANG_WARN_OBJC_IMPLICIT_RETAIN_SELF = YES;
				CLANG_WARN_OBJC_LITERAL_CONVERSION = YES;
				CLANG_WARN_OBJC_ROOT_CLASS = YES_ERROR;
				CLANG_WARN_QUOTED_INCLUDE_IN_FRAMEWORK_HEADER = YES;
				CLANG_WARN_RANGE_LOOP_ANALYSIS = YES;
				CLANG_WARN_STRICT_PROTOTYPES = YES;
				CLANG_WARN_SUSPICIOUS_MOVE = YES;
				CLANG_WARN_UNGUARDED_AVAILABILITY = YES_AGGRESSIVE;
				CLANG_WARN_UNREACHABLE_CODE = YES;
				CLANG_WARN__DUPLICATE_METHOD_MATCH = YES;
				COPY_PHASE_STRIP = NO;
				DEBUG_INFORMATION_FORMAT = "dwarf-with-dsym";
				ENABLE_NS_ASSERTIONS = NO;
				ENABLE_STRICT_OBJC_MSGSEND = YES;
				GCC_C_LANGUAGE_STANDARD = gnu11;
				GCC_NO_COMMON_BLOCKS = YES;
				GCC_WARN_64_TO_32_BIT_CONVERSION = YES;
				GCC_WARN_ABOUT_RETURN_TYPE = YES_ERROR;
				GCC_WARN_UNDECLARED_SELECTOR = YES;
				GCC_WARN_UNINITIALIZED_AUTOS = YES_AGGRESSIVE;
				GCC_WARN_UNUSED_FUNCTION = YES;
				GCC_WARN_UNUSED_VARIABLE = YES;
				IPHONEOS_DEPLOYMENT_TARGET = 17.0;
				MTL_ENABLE_DEBUG_INFO = NO;
				MTL_FAST_MATH = YES;
				PRODUCT_NAME = "$(TARGET_NAME)";
				SDKROOT = iphoneos;
				SWIFT_COMPILATION_MODE = wholemodule;
				SWIFT_OPTIMIZATION_LEVEL = "-O";
				SWIFT_VERSION = 5.0;
				TARGETED_DEVICE_FAMILY = "1,2";
			};
			name = Release;
		};
/* End XCBuildConfiguration section */

/* Begin XCConfigurationList section */
		6D45E7BF7585944C19F7016C /* Build configuration list for PBXNativeTarget "SilverCrown" */ = {
			isa = XCConfigurationList;
			buildConfigurations = (
				58DC0C390EF780B44E882A2D /* Debug */,
				C610B56C4E7F8948B20661D9 /* Release */,
			);
			defaultConfigurationIsVisible = 0;
			defaultConfigurationName = Debug;
		};
		9E3913B3D7DC18E0AB54B79E /* Build configuration list for PBXProject "SilverCrown" */ = {
			isa = XCConfigurationList;
			buildConfigurations = (
				D1DA563059CFFB2C7747F410 /* Debug */,
				D5D3D9B774D23EAA9824F2D4 /* Release */,
			);
			defaultConfigurationIsVisible = 0;
			defaultConfigurationName = Debug;
		};
/* End XCConfigurationList section */

/* Begin XCRemoteSwiftPackageReference section */
		E250C705745D3D087FC275CE /* XCRemoteSwiftPackageReference "firebase-ios-sdk" */ = {
			isa = XCRemoteSwiftPackageReference;
			repositoryURL = "https://github.com/firebase/firebase-ios-sdk";
			requirement = {
				kind = upToNextMajorVersion;
				minimumVersion = 11.6.0;
			};
		};
/* End XCRemoteSwiftPackageReference section */

/* Begin XCSwiftPackageProductDependency section */
		08DBE99F050BDCD5A63D2A94 /* FirebaseAuth */ = {
			isa = XCSwiftPackageProductDependency;
			package = E250C705745D3D087FC275CE /* XCRemoteSwiftPackageReference "firebase-ios-sdk" */;
			productName = FirebaseAuth;
		};
		2610448EC0C8ABCC3419BE4C /* FirebaseFunctions */ = {
			isa = XCSwiftPackageProductDependency;
			package = E250C705745D3D087FC275CE /* XCRemoteSwiftPackageReference "firebase-ios-sdk" */;
			productName = FirebaseFunctions;
		};
		5D3054B3532E2DC37E24B1E4 /* FirebaseStorage */ = {
			isa = XCSwiftPackageProductDependency;
			package = E250C705745D3D087FC275CE /* XCRemoteSwiftPackageReference "firebase-ios-sdk" */;
			productName = FirebaseStorage;
		};
		9E96B682A47B2B91ECF29A1F /* FirebaseFirestore */ = {
			isa = XCSwiftPackageProductDependency;
			package = E250C705745D3D087FC275CE /* XCRemoteSwiftPackageReference "firebase-ios-sdk" */;
			productName = FirebaseFirestore;
		};
/* End XCSwiftPackageProductDependency section */
	};
	rootObject = CA01C3533093E32DDB26C655 /* Project object */;
}
